
Microsoft Visual Studio Solution File, Format Version 12.00
# Visual Studio Version 16
VisualStudioVersion = 16.0.32002.261
MinimumVisualStudioVersion = 10.0.40219.1
Project("{FAE04EC0-301F-11D3-BF4B-00C04F79EFBC}") = "ProductCartShopMVC", "ProductCartShopMVC\ProductCartShopMVC.csproj", "{68BEF913-AA98-4FD8-BF3E-8ABAF0617011}"
EndProject
Global
	GlobalSection(SolutionConfigurationPlatforms) = preSolution
		Debug|Any CPU = Debug|Any CPU
		Release|Any CPU = Release|Any CPU
	EndGlobalSection
	GlobalSection(ProjectConfigurationPlatforms) = postSolution
		{68BEF913-AA98-4FD8-BF3E-8ABAF0617011}.Debug|Any CPU.ActiveCfg = Debug|Any CPU
		{68BEF913-AA98-4FD8-BF3E-8ABAF0617011}.Debug|Any CPU.Build.0 = Debug|Any CPU
		{68BEF913-AA98-4FD8-BF3E-8ABAF0617011}.Release|Any CPU.ActiveCfg = Release|Any CPU
		{68BEF913-AA98-4FD8-BF3E-8ABAF0617011}.Release|Any CPU.Build.0 = Release|Any CPU
	EndGlobalSection
	GlobalSection(SolutionProperties) = preSolution
		HideSolutionNode = FALSE
	EndGlobalSection
	GlobalSection(ExtensibilityGlobals) = postSolution
		SolutionGuid = {24FD14D7-666F-481C-A422-1C195714F1F4}
	EndGlobalSection
EndGlobal
